// !$*UTF8*$!
{
	archiveVersion = 1;
	classes = {
	};
	objectVersion = 77;
	objects = {

/* Begin PBXContainerItemProxy section */
		72917DB42E351E670067F2ED /* PBXContainerItemProxy */ = {
			isa = PBXContainerItemProxy;
			containerPortal = 72917D9E2E351E650067F2ED /* Project object */;
			proxyType = 1;
			remoteGlobalIDString = 72917DA52E351E650067F2ED;
			remoteInfo = StaggeredLayout;
		};
		72917DBE2E351E670067F2ED /* PBXContainerItemProxy */ = {
			isa = PBXContainerItemProxy;
			containerPortal = 72917D9E2E351E650067F2ED /* Project object */;
			proxyType = 1;
			remoteGlobalIDString = 72917DA52E351E650067F2ED;
			remoteInfo = StaggeredLayout;
		};
/* End PBXContainerItemProxy section */

/* Begin PBXFileReference section */
		72917DA62E351E650067F2ED /* StaggeredLayout.app */ = {isa = PBXFileReference; explicitFileType = wrapper.application; includeInIndex = 0; path = StaggeredLayout.app; sourceTree = BUILT_PRODUCTS_DIR; };
		72917DB32E351E670067F2ED /* StaggeredLayoutTests.xctest */ = {isa = PBXFileReference; explicitFileType = wrapper.cfbundle; includeInIndex = 0; path = StaggeredLayoutTests.xctest; sourceTree = BUILT_PRODUCTS_DIR; };
		72917DBD2E351E670067F2ED /* StaggeredLayoutUITests.xctest */ = {isa = PBXFileReference; explicitFileType = wrapper.cfbundle; includeInIndex = 0; path = StaggeredLayoutUITests.xctest; sourceTree = BUILT_PRODUCTS_DIR; };
/* End PBXFileReference section */

/* Begin PBXFileSystemSynchronizedRootGroup section */
		72917DA82E351E650067F2ED /* StaggeredLayout */ = {
			isa = PBXFileSystemSynchronizedRootGroup;
			path = StaggeredLayout;
			sourceTree = "<group>";
		};
		72917DB62E351E670067F2ED /* StaggeredLayoutTests */ = {
			isa = PBXFileSystemSynchronizedRootGroup;
			path = StaggeredLayoutTests;
			sourceTree = "<group>";
		};
		72917DC02E351E670067F2ED /* StaggeredLayoutUITests */ = {
			isa = PBXFileSystemSynchronizedRootGroup;
			path = StaggeredLayoutUITests;
			sourceTree = "<group>";
		};
/* End PBXFileSystemSynchronizedRootGroup section */

/* Begin PBXFrameworksBuildPhase section */
		72917DA32E351E650067F2ED /* Frameworks */ = {
			isa = PBXFrameworksBuildPhase;
			buildActionMask = 2147483647;
			files = (
			);
			runOnlyForDeploymentPostprocessing = 0;
		};
		72917DB02E351E670067F2ED /* Frameworks */ = {
			isa = PBXFrameworksBuildPhase;
			buildActionMask = 2147483647;
			files = (
			);
			runOnlyForDeploymentPostprocessing = 0;
		};
		72917DBA2E351E670067F2ED /* Frameworks */ = {
			isa = PBXFrameworksBuildPhase;
			buildActionMask = 2147483647;
			files = (
			);
			runOnlyForDeploymentPostprocessing = 0;
		};
/* End PBXFrameworksBuildPhase section */

/* Begin PBXGroup section */
		72917D9D2E351E650067F2ED = {
			isa = PBXGroup;
			children = (
				72917DA82E351E650067F2ED /* StaggeredLayout */,
				72917DB62E351E670067F2ED /* StaggeredLayoutTests */,
				72917DC02E351E670067F2ED /* StaggeredLayoutUITests */,
				72917DA72E351E650067F2ED /* Products */,
			);
			sourceTree = "<group>";
		};
		72917DA72E351E650067F2ED /* Products */ = {
			isa = PBXGroup;
			children = (
				72917DA62E351E650067F2ED /* StaggeredLayout.app */,
				72917DB32E351E670067F2ED /* StaggeredLayoutTests.xctest */,
				72917DBD2E351E670067F2ED /* StaggeredLayoutUITests.xctest */,
			);
			name = Products;
			sourceTree = "<group>";
		};
/* End PBXGroup section */

/* Begin PBXNativeTarget section */
		72917DA52E351E650067F2ED /* StaggeredLayout */ = {
			isa = PBXNativeTarget;
			buildConfigurationList = 72917DC72E351E670067F2ED /* Build configuration list for PBXNativeTarget "StaggeredLayout" */;
			buildPhases = (
				72917DA22E351E650067F2ED /* Sources */,
				72917DA32E351E650067F2ED /* Frameworks */,
				72917DA42E351E650067F2ED /* Resources */,
			);
			buildRules = (
			);
			dependencies = (
			);
			fileSystemSynchronizedGroups = (
				72917DA82E351E650067F2ED /* StaggeredLayout */,
			);
			name = StaggeredLayout;
			packageProductDependencies = (
			);
			productName = StaggeredLayout;
			productReference = 72917DA62E351E650067F2ED /* StaggeredLayout.app */;
			productType = "com.apple.product-type.application";
		};
		72917DB22E351E670067F2ED /* StaggeredLayoutTests */ = {
			isa = PBXNativeTarget;
			buildConfigurationList = 72917DCA2E351E670067F2ED /* Build configuration list for PBXNativeTarget "StaggeredLayoutTests" */;
			buildPhases = (
				72917DAF2E351E670067F2ED /* Sources */,
				72917DB02E351E670067F2ED /* Frameworks */,
				72917DB12E351E670067F2ED /* Resources */,
			);
			buildRules = (
			);
			dependencies = (
				72917DB52E351E670067F2ED /* PBXTargetDependency */,
			);
			fileSystemSynchronizedGroups = (
				72917DB62E351E670067F2ED /* StaggeredLayoutTests */,
			);
			name = StaggeredLayoutTests;
			packageProductDependencies = (
			);
			productName = StaggeredLayoutTests;
			productReference = 72917DB32E351E670067F2ED /* StaggeredLayoutTests.xctest */;
			productType = "com.apple.product-type.bundle.unit-test";
		};
		72917DBC2E351E670067F2ED /* StaggeredLayoutUITests */ = {
			isa = PBXNativeTarget;
			buildConfigurationList = 72917DCD2E351E670067F2ED /* Build configuration list for PBXNativeTarget "StaggeredLayoutUITests" */;
			buildPhases = (
				72917DB92E351E670067F2ED /* Sources */,
				72917DBA2E351E670067F2ED /* Frameworks */,
				72917DBB2E351E670067F2ED /* Resources */,
			);
			buildRules = (
			);
			dependencies = (
				72917DBF2E351E670067F2ED /* PBXTargetDependency */,
			);
			fileSystemSynchronizedGroups = (
				72917DC02E351E670067F2ED /* StaggeredLayoutUITests */,
			);
			name = StaggeredLayoutUITests;
			packageProductDependencies = (
			);
			productName = StaggeredLayoutUITests;
			productReference = 72917DBD2E351E670067F2ED /* StaggeredLayoutUITests.xctest */;
			productType = "com.apple.product-type.bundle.ui-testing";
		};
/* End PBXNativeTarget section */

/* Begin PBXProject section */
		72917D9E2E351E650067F2ED /* Project object */ = {
			isa = PBXProject;
			attributes = {
				BuildIndependentTargetsInParallel = 1;
				LastSwiftUpdateCheck = 1640;
				LastUpgradeCheck = 1640;
				TargetAttributes = {
					72917DA52E351E650067F2ED = {
						CreatedOnToolsVersion = 16.4;
					};
					72917DB22E351E670067F2ED = {
						CreatedOnToolsVersion = 16.4;
						TestTargetID = 72917DA52E351E650067F2ED;
					};
					72917DBC2E351E670067F2ED = {
						CreatedOnToolsVersion = 16.4;
						TestTargetID = 72917DA52E351E650067F2ED;
					};
				};
			};
			buildConfigurationList = 72917DA12E351E650067F2ED /* Build configuration list for PBXProject "StaggeredLayout" */;
			developmentRegion = en;
			hasScannedForEncodings = 0;
			knownRegions = (
				en,
				Base,
			);
			mainGroup = 72917D9D2E351E650067F2ED;
			minimizedProjectReferenceProxies = 1;
			preferredProjectObjectVersion = 77;
			productRefGroup = 72917DA72E351E650067F2ED /* Products */;
			projectDirPath = "";
			projectRoot = "";
			targets = (
				72917DA52E351E650067F2ED /* StaggeredLayout */,
				72917DB22E351E670067F2ED /* StaggeredLayoutTests */,
				72917DBC2E351E670067F2ED /* StaggeredLayoutUITests */,
			);
		};
/* End PBXProject section */

/* Begin PBXResourcesBuildPhase section */
		72917DA42E351E650067F2ED /* Resources */ = {
			isa = PBXResourcesBuildPhase;
			buildActionMask = 2147483647;
			files = (
			);
			runOnlyForDeploymentPostprocessing = 0;
		};
		72917DB12E351E670067F2ED /* Resources */ = {
			isa = PBXResourcesBuildPhase;
			buildActionMask = 2147483647;
			files = (
			);
			runOnlyForDeploymentPostprocessing = 0;
		};
		72917DBB2E351E670067F2ED /* Resources */ = {
			isa = PBXResourcesBuildPhase;
			buildActionMask = 2147483647;
			files = (
			);
			runOnlyForDeploymentPostprocessing = 0;
		};
/* End PBXResourcesBuildPhase section */

/* Begin PBXSourcesBuildPhase section */
		72917DA22E351E650067F2ED /* Sources */ = {
			isa = PBXSourcesBuildPhase;
			buildActionMask = 2147483647;
			files = (
			);
			runOnlyForDeploymentPostprocessing = 0;
		};
		72917DAF2E351E670067F2ED /* Sources */ = {
			isa = PBXSourcesBuildPhase;
			buildActionMask = 2147483647;
			files = (
			);
			runOnlyForDeploymentPostprocessing = 0;
		};
		72917DB92E351E670067F2ED /* Sources */ = {
			isa = PBXSourcesBuildPhase;
			buildActionMask = 2147483647;
			files = (
			);
			runOnlyForDeploymentPostprocessing = 0;
		};
/* End PBXSourcesBuildPhase section */

/* Begin PBXTargetDependency section */
		72917DB52E351E670067F2ED /* PBXTargetDependency */ = {
			isa = PBXTargetDependency;
			target = 72917DA52E351E650067F2ED /* StaggeredLayout */;
			targetProxy = 72917DB42E351E670067F2ED /* PBXContainerItemProxy */;
		};
		72917DBF2E351E670067F2ED /* PBXTargetDependency */ = {
			isa = PBXTargetDependency;
			target = 72917DA52E351E650067F2ED /* StaggeredLayout */;
			targetProxy = 72917DBE2E351E670067F2ED /* PBXContainerItemProxy */;
		};
/* End PBXTargetDependency section */

/* Begin XCBuildConfiguration section */
		72917DC52E351E670067F2ED /* Debug */ = {
			isa = XCBuildConfiguration;
			buildSettings = {
				ALWAYS_SEARCH_USER_PATHS = NO;
				ASSETCATALOG_COMPILER_GENERATE_SWIFT_ASSET_SYMBOL_EXTENSIONS = YES;
				CLANG_ANALYZER_NONNULL = YES;
				CLANG_ANALYZER_NUMBER_OBJECT_CONVERSION = YES_AGGRESSIVE;
				CLANG_CXX_LANGUAGE_STANDARD = "gnu++20";
				CLANG_ENABLE_MODULES = YES;
				CLANG_ENABLE_OBJC_ARC = YES;
				CLANG_ENABLE_OBJC_WEAK = YES;
				CLANG_WARN_BLOCK_CAPTURE_AUTORELEASING = YES;
				CLANG_WARN_BOOL_CONVERSION = YES;
				CLANG_WARN_COMMA = YES;
				CLANG_WARN_CONSTANT_CONVERSION = YES;
				CLANG_WARN_DEPRECATED_OBJC_IMPLEMENTATIONS = YES;
				CLANG_WARN_DIRECT_OBJC_ISA_USAGE = YES_ERROR;
				CLANG_WARN_DOCUMENTATION_COMMENTS = YES;
				CLANG_WARN_EMPTY_BODY = YES;
				CLANG_WARN_ENUM_CONVERSION = YES;
				CLANG_WARN_INFINITE_RECURSION = YES;
				CLANG_WARN_INT_CONVERSION = YES;
				CLANG_WARN_NON_LITERAL_NULL_CONVERSION = YES;
				CLANG_WARN_OBJC_IMPLICIT_RETAIN_SELF = YES;
				CLANG_WARN_OBJC_LITERAL_CONVERSION = YES;
				CLANG_WARN_OBJC_ROOT_CLASS = YES_ERROR;
				CLANG_WARN_QUOTED_INCLUDE_IN_FRAMEWORK_HEADER = YES;
				CLANG_WARN_RANGE_LOOP_ANALYSIS = YES;
				CLANG_WARN_STRICT_PROTOTYPES = YES;
				CLANG_WARN_SUSPICIOUS_MOVE = YES;
				CLANG_WARN_UNGUARDED_AVAILABILITY = YES_AGGRESSIVE;
				CLANG_WARN_UNREACHABLE_CODE = YES;
				CLANG_WARN__DUPLICATE_METHOD_MATCH = YES;
				COPY_PHASE_STRIP = NO;
				DEBUG_INFORMATION_FORMAT = dwarf;
				ENABLE_STRICT_OBJC_MSGSEND = YES;
				ENABLE_TESTABILITY = YES;
				ENABLE_USER_SCRIPT_SANDBOXING = YES;
				GCC_C_LANGUAGE_STANDARD = gnu17;
				GCC_DYNAMIC_NO_PIC = NO;
				GCC_NO_COMMON_BLOCKS = YES;
				GCC_OPTIMIZATION_LEVEL = 0;
				GCC_PREPROCESSOR_DEFINITIONS = (
					"DEBUG=1",
					"$(inherited)",
				);
				GCC_WARN_64_TO_32_BIT_CONVERSION = YES;
				GCC_WARN_ABOUT_RETURN_TYPE = YES_ERROR;
				GCC_WARN_UNDECLARED_SELECTOR = YES;
				GCC_WARN_UNINITIALIZED_AUTOS = YES_AGGRESSIVE;
				GCC_WARN_UNUSED_FUNCTION = YES;
				GCC_WARN_UNUSED_VARIABLE = YES;
				IPHONEOS_DEPLOYMENT_TARGET = 18.5;
				LOCALIZATION_PREFERS_STRING_CATALOGS = YES;
				MTL_ENABLE_DEBUG_INFO = INCLUDE_SOURCE;
				MTL_FAST_MATH = YES;
				ONLY_ACTIVE_ARCH = YES;
				SDKROOT = iphoneos;
				SWIFT_ACTIVE_COMPILATION_CONDITIONS = "DEBUG $(inherited)";
				SWIFT_OPTIMIZATION_LEVEL = "-Onone";
			};
			name = Debug;
		};
		72917DC62E351E670067F2ED /* Release */ = {
			isa = XCBuildConfiguration;
			buildSettings = {
				ALWAYS_SEARCH_USER_PATHS = NO;
				ASSETCATALOG_COMPILER_GENERATE_SWIFT_ASSET_SYMBOL_EXTENSIONS = YES;
				CLANG_ANALYZER_NONNULL = YES;
				CLANG_ANALYZER_NUMBER_OBJECT_CONVERSION = YES_AGGRESSIVE;
				CLANG_CXX_LANGUAGE_STANDARD = "gnu++20";
				CLANG_ENABLE_MODULES = YES;
				CLANG_ENABLE_OBJC_ARC = YES;
				CLANG_ENABLE_OBJC_WEAK = YES;
				CLANG_WARN_BLOCK_CAPTURE_AUTORELEASING = YES;
				CLANG_WARN_BOOL_CONVERSION = YES;
				CLANG_WARN_COMMA = YES;
				CLANG_WARN_CONSTANT_CONVERSION = YES;
				CLANG_WARN_DEPRECATED_OBJC_IMPLEMENTATIONS = YES;
				CLANG_WARN_DIRECT_OBJC_ISA_USAGE = YES_ERROR;
				CLANG_WARN_DOCUMENTATION_COMMENTS = YES;
				CLANG_WARN_EMPTY_BODY = YES;
				CLANG_WARN_ENUM_CONVERSION = YES;
				CLANG_WARN_INFINITE_RECURSION = YES;
				CLANG_WARN_INT_CONVERSION = YES;
				CLANG_WARN_NON_LITERAL_NULL_CONVERSION = YES;
				CLANG_WARN_OBJC_IMPLICIT_RETAIN_SELF = YES;
				CLANG_WARN_OBJC_LITERAL_CONVERSION = YES;
				CLANG_WARN_OBJC_ROOT_CLASS = YES_ERROR;
				CLANG_WARN_QUOTED_INCLUDE_IN_FRAMEWORK_HEADER = YES;
				CLANG_WARN_RANGE_LOOP_ANALYSIS = YES;
				CLANG_WARN_STRICT_PROTOTYPES = YES;
				CLANG_WARN_SUSPICIOUS_MOVE = YES;
				CLANG_WARN_UNGUARDED_AVAILABILITY = YES_AGGRESSIVE;
				CLANG_WARN_UNREACHABLE_CODE = YES;
				CLANG_WARN__DUPLICATE_METHOD_MATCH = YES;
				COPY_PHASE_STRIP = NO;
				DEBUG_INFORMATION_FORMAT = "dwarf-with-dsym";
				ENABLE_NS_ASSERTIONS = NO;
				ENABLE_STRICT_OBJC_MSGSEND = YES;
				ENABLE_USER_SCRIPT_SANDBOXING = YES;
				GCC_C_LANGUAGE_STANDARD = gnu17;
				GCC_NO_COMMON_BLOCKS = YES;
				GCC_WARN_64_TO_32_BIT_CONVERSION = YES;
				GCC_WARN_ABOUT_RETURN_TYPE = YES_ERROR;
				GCC_WARN_UNDECLARED_SELECTOR = YES;
				GCC_WARN_UNINITIALIZED_AUTOS = YES_AGGRESSIVE;
				GCC_WARN_UNUSED_FUNCTION = YES;
				GCC_WARN_UNUSED_VARIABLE = YES;
				IPHONEOS_DEPLOYMENT_TARGET = 18.5;
				LOCALIZATION_PREFERS_STRING_CATALOGS = YES;
				MTL_ENABLE_DEBUG_INFO = NO;
				MTL_FAST_MATH = YES;
				SDKROOT = iphoneos;
				SWIFT_COMPILATION_MODE = wholemodule;
				VALIDATE_PRODUCT = YES;
			};
			name = Release;
		};
		72917DC82E351E670067F2ED /* Debug */ = {
			isa = XCBuildConfiguration;
			buildSettings = {
				ASSETCATALOG_COMPILER_APPICON_NAME = AppIcon;
				ASSETCATALOG_COMPILER_GLOBAL_ACCENT_COLOR_NAME = AccentColor;
				CODE_SIGN_STYLE = Automatic;
				CURRENT_PROJECT_VERSION = 1;
				ENABLE_PREVIEWS = YES;
				GENERATE_INFOPLIST_FILE = YES;
				INFOPLIST_KEY_UIApplicationSceneManifest_Generation = YES;
				INFOPLIST_KEY_UIApplicationSupportsIndirectInputEvents = YES;
				INFOPLIST_KEY_UILaunchScreen_Generation = YES;
				INFOPLIST_KEY_UISupportedInterfaceOrientations_iPad = "UIInterfaceOrientationPortrait UIInterfaceOrientationPortraitUpsideDown UIInterfaceOrientationLandscapeLeft UIInterfaceOrientationLandscapeRight";
				INFOPLIST_KEY_UISupportedInterfaceOrientations_iPhone = "UIInterfaceOrientationPortrait UIInterfaceOrientationLandscapeLeft UIInterfaceOrientationLandscapeRight";
				LD_RUNPATH_SEARCH_PATHS = (
					"$(inherited)",
					"@executable_path/Frameworks",
				);
				MARKETING_VERSION = 1.0;
				PRODUCT_BUNDLE_IDENTIFIER = naylinn.dev.StaggeredLayout;
				PRODUCT_NAME = "$(TARGET_NAME)";
				SWIFT_EMIT_LOC_STRINGS = YES;
				SWIFT_VERSION = 5.0;
				TARGETED_DEVICE_FAMILY = "1,2";
			};
			name = Debug;
		};
		72917DC92E351E670067F2ED /* Release */ = {
			isa = XCBuildConfiguration;
			buildSettings = {
				ASSETCATALOG_COMPILER_APPICON_NAME = AppIcon;
				ASSETCATALOG_COMPILER_GLOBAL_ACCENT_COLOR_NAME = AccentColor;
				CODE_SIGN_STYLE = Automatic;
				CURRENT_PROJECT_VERSION = 1;
				ENABLE_PREVIEWS = YES;
				GENERATE_INFOPLIST_FILE = YES;
				INFOPLIST_KEY_UIApplicationSceneManifest_Generation = YES;
				INFOPLIST_KEY_UIApplicationSupportsIndirectInputEvents = YES;
				INFOPLIST_KEY_UILaunchScreen_Generation = YES;
				INFOPLIST_KEY_UISupportedInterfaceOrientations_iPad = "UIInterfaceOrientationPortrait UIInterfaceOrientationPortraitUpsideDown UIInterfaceOrientationLandscapeLeft UIInterfaceOrientationLandscapeRight";
				INFOPLIST_KEY_UISupportedInterfaceOrientations_iPhone = "UIInterfaceOrientationPortrait UIInterfaceOrientationLandscapeLeft UIInterfaceOrientationLandscapeRight";
				LD_RUNPATH_SEARCH_PATHS = (
					"$(inherited)",
					"@executable_path/Frameworks",
				);
				MARKETING_VERSION = 1.0;
				PRODUCT_BUNDLE_IDENTIFIER = naylinn.dev.StaggeredLayout;
				PRODUCT_NAME = "$(TARGET_NAME)";
				SWIFT_EMIT_LOC_STRINGS = YES;
				SWIFT_VERSION = 5.0;
				TARGETED_DEVICE_FAMILY = "1,2";
			};
			name = Release;
		};
		72917DCB2E351E670067F2ED /* Debug */ = {
			isa = XCBuildConfiguration;
			buildSettings = {
				BUNDLE_LOADER = "$(TEST_HOST)";
				CODE_SIGN_STYLE = Automatic;
				CURRENT_PROJECT_VERSION = 1;
				GENERATE_INFOPLIST_FILE = YES;
				IPHONEOS_DEPLOYMENT_TARGET = 18.5;
				MARKETING_VERSION = 1.0;
				PRODUCT_BUNDLE_IDENTIFIER = naylinn.dev.StaggeredLayoutTests;
				PRODUCT_NAME = "$(TARGET_NAME)";
				SWIFT_EMIT_LOC_STRINGS = NO;
				SWIFT_VERSION = 5.0;
				TARGETED_DEVICE_FAMILY = "1,2";
				TEST_HOST = "$(BUILT_PRODUCTS_DIR)/StaggeredLayout.app/$(BUNDLE_EXECUTABLE_FOLDER_PATH)/StaggeredLayout";
			};
			name = Debug;
		};
		72917DCC2E351E670067F2ED /* Release */ = {
			isa = XCBuildConfiguration;
			buildSettings = {
				BUNDLE_LOADER = "$(TEST_HOST)";
				CODE_SIGN_STYLE = Automatic;
				CURRENT_PROJECT_VERSION = 1;
				GENERATE_INFOPLIST_FILE = YES;
				IPHONEOS_DEPLOYMENT_TARGET = 18.5;
				MARKETING_VERSION = 1.0;
				PRODUCT_BUNDLE_IDENTIFIER = naylinn.dev.StaggeredLayoutTests;
				PRODUCT_NAME = "$(TARGET_NAME)";
				SWIFT_EMIT_LOC_STRINGS = NO;
				SWIFT_VERSION = 5.0;
				TARGETED_DEVICE_FAMILY = "1,2";
				TEST_HOST = "$(BUILT_PRODUCTS_DIR)/StaggeredLayout.app/$(BUNDLE_EXECUTABLE_FOLDER_PATH)/StaggeredLayout";
			};
			name = Release;
		};
		72917DCE2E351E670067F2ED /* Debug */ = {
			isa = XCBuildConfiguration;
			buildSettings = {
				CODE_SIGN_STYLE = Automatic;
				CURRENT_PROJECT_VERSION = 1;
				GENERATE_INFOPLIST_FILE = YES;
				MARKETING_VERSION = 1.0;
				PRODUCT_BUNDLE_IDENTIFIER = naylinn.dev.StaggeredLayoutUITests;
				PRODUCT_NAME = "$(TARGET_NAME)";
				SWIFT_EMIT_LOC_STRINGS = NO;
				SWIFT_VERSION = 5.0;
				TARGETED_DEVICE_FAMILY = "1,2";
				TEST_TARGET_NAME = StaggeredLayout;
			};
			name = Debug;
		};
		72917DCF2E351E670067F2ED /* Release */ = {
			isa = XCBuildConfiguration;
			buildSettings = {
				CODE_SIGN_STYLE = Automatic;
				CURRENT_PROJECT_VERSION = 1;
				GENERATE_INFOPLIST_FILE = YES;
				MARKETING_VERSION = 1.0;
				PRODUCT_BUNDLE_IDENTIFIER = naylinn.dev.StaggeredLayoutUITests;
				PRODUCT_NAME = "$(TARGET_NAME)";
				SWIFT_EMIT_LOC_STRINGS = NO;
				SWIFT_VERSION = 5.0;
				TARGETED_DEVICE_FAMILY = "1,2";
				TEST_TARGET_NAME = StaggeredLayout;
			};
			name = Release;
		};
/* End XCBuildConfiguration section */

/* Begin XCConfigurationList section */
		72917DA12E351E650067F2ED /* Build configuration list for PBXProject "StaggeredLayout" */ = {
			isa = XCConfigurationList;
			buildConfigurations = (
				72917DC52E351E670067F2ED /* Debug */,
				72917DC62E351E670067F2ED /* Release */,
			);
			defaultConfigurationIsVisible = 0;
			defaultConfigurationName = Release;
		};
		72917DC72E351E670067F2ED /* Build configuration list for PBXNativeTarget "StaggeredLayout" */ = {
			isa = XCConfigurationList;
			buildConfigurations = (
				72917DC82E351E670067F2ED /* Debug */,
				72917DC92E351E670067F2ED /* Release */,
			);
			defaultConfigurationIsVisible = 0;
			defaultConfigurationName = Release;
		};
		72917DCA2E351E670067F2ED /* Build configuration list for PBXNativeTarget "StaggeredLayoutTests" */ = {
			isa = XCConfigurationList;
			buildConfigurations = (
				72917DCB2E351E670067F2ED /* Debug */,
				72917DCC2E351E670067F2ED /* Release */,
			);
			defaultConfigurationIsVisible = 0;
			defaultConfigurationName = Release;
		};
		72917DCD2E351E670067F2ED /* Build configuration list for PBXNativeTarget "StaggeredLayoutUITests" */ = {
			isa = XCConfigurationList;
			buildConfigurations = (
				72917DCE2E351E670067F2ED /* Debug */,
				72917DCF2E351E670067F2ED /* Release */,
			);
			defaultConfigurationIsVisible = 0;
			defaultConfigurationName = Release;
		};
/* End XCConfigurationList section */
	};
	rootObject = 72917D9E2E351E650067F2ED /* Project object */;
}
